
Microsoft Visual Studio Solution File, Format Version 12.00
# Visual Studio Version 17
VisualStudioVersion = 17.3.32922.545
MinimumVisualStudioVersion = 10.0.40219.1
Project("{9A19103F-16F7-4668-BE54-9A1E7A4F7556}") = "MouseClicksV2", "MouseClicks\MouseClicksV2.csproj", "{1246DBCE-FA79-4F18-825D-842BE3984FD2}"
EndProject
Global
	GlobalSection(SolutionConfigurationPlatforms) = preSolution
		Debug|Any CPU = Debug|Any CPU
		Release|Any CPU = Release|Any CPU
	EndGlobalSection
	GlobalSection(ProjectConfigurationPlatforms) = postSolution
		{1246DBCE-FA79-4F18-825D-842BE3984FD2}.Debug|Any CPU.ActiveCfg = Debug|Any CPU
		{1246DBCE-FA79-4F18-825D-842BE3984FD2}.Debug|Any CPU.Build.0 = Debug|Any CPU
		{1246DBCE-FA79-4F18-825D-842BE3984FD2}.Release|Any CPU.ActiveCfg = Release|Any CPU
		{1246DBCE-FA79-4F18-825D-842BE3984FD2}.Release|Any CPU.Build.0 = Release|Any CPU
	EndGlobalSection
	GlobalSection(SolutionProperties) = preSolution
		HideSolutionNode = FALSE
	EndGlobalSection
	GlobalSection(ExtensibilityGlobals) = postSolution
		SolutionGuid = {B0A8E0C5-D8AE-42D5-85E4-A96D099B9A6C}
	EndGlobalSection
EndGlobal
